
Microsoft Visual Studio Solution File, Format Version 12.00
# Visual Studio Version 17
VisualStudioVersion = 17.8.34525.116
MinimumVisualStudioVersion = 10.0.40219.1
Project("{FAE04EC0-301F-11D3-BF4B-00C04F79EFBC}") = "projeto3DS", "projeto3DS\projeto3DS.csproj", "{F633ECEB-4381-4989-A20F-E5184BA3E252}"
EndProject
Global
	GlobalSection(SolutionConfigurationPlatforms) = preSolution
		Debug|Any CPU = Debug|Any CPU
		Release|Any CPU = Release|Any CPU
	EndGlobalSection
	GlobalSection(ProjectConfigurationPlatforms) = postSolution
		{F633ECEB-4381-4989-A20F-E5184BA3E252}.Debug|Any CPU.ActiveCfg = Debug|Any CPU
		{F633ECEB-4381-4989-A20F-E5184BA3E252}.Debug|Any CPU.Build.0 = Debug|Any CPU
		{F633ECEB-4381-4989-A20F-E5184BA3E252}.Release|Any CPU.ActiveCfg = Release|Any CPU
		{F633ECEB-4381-4989-A20F-E5184BA3E252}.Release|Any CPU.Build.0 = Release|Any CPU
	EndGlobalSection
	GlobalSection(SolutionProperties) = preSolution
		HideSolutionNode = FALSE
	EndGlobalSection
	GlobalSection(ExtensibilityGlobals) = postSolution
		SolutionGuid = {23DE4D72-E81C-4DC0-9325-D7D774599E5E}
	EndGlobalSection
EndGlobal
